
Microsoft Visual Studio Solution File, Format Version 12.00
# Visual Studio 15
VisualStudioVersion = 15.0.28010.2041
MinimumVisualStudioVersion = 10.0.40219.1
Project("{FAE04EC0-301F-11D3-BF4B-00C04F79EFBC}") = "NewCalculator", "NewCalculator\NewCalculator.csproj", "{0748E156-CA85-4609-B963-8D9F3022A0FE}"
EndProject
Global
	GlobalSection(SolutionConfigurationPlatforms) = preSolution
		Debug|Any CPU = Debug|Any CPU
		Release|Any CPU = Release|Any CPU
	EndGlobalSection
	GlobalSection(ProjectConfigurationPlatforms) = postSolution
		{0748E156-CA85-4609-B963-8D9F3022A0FE}.Debug|Any CPU.ActiveCfg = Debug|Any CPU
		{0748E156-CA85-4609-B963-8D9F3022A0FE}.Debug|Any CPU.Build.0 = Debug|Any CPU
		{0748E156-CA85-4609-B963-8D9F3022A0FE}.Release|Any CPU.ActiveCfg = Release|Any CPU
		{0748E156-CA85-4609-B963-8D9F3022A0FE}.Release|Any CPU.Build.0 = Release|Any CPU
	EndGlobalSection
	GlobalSection(SolutionProperties) = preSolution
		HideSolutionNode = FALSE
	EndGlobalSection
	GlobalSection(ExtensibilityGlobals) = postSolution
		SolutionGuid = {28A12F0B-4896-470C-9A66-25CF129601C7}
	EndGlobalSection
EndGlobal
