
Microsoft Visual Studio Solution File, Format Version 12.00
# Visual Studio 15
VisualStudioVersion = 15.0.28010.2041
MinimumVisualStudioVersion = 10.0.40219.1
Project("{FAE04EC0-301F-11D3-BF4B-00C04F79EFBC}") = "Filipenko", "Filipenko\Filipenko.csproj", "{42F187B9-8402-4676-A4BB-38ACE04450A1}"
EndProject
Global
	GlobalSection(SolutionConfigurationPlatforms) = preSolution
		Debug|Any CPU = Debug|Any CPU
		Release|Any CPU = Release|Any CPU
	EndGlobalSection
	GlobalSection(ProjectConfigurationPlatforms) = postSolution
		{42F187B9-8402-4676-A4BB-38ACE04450A1}.Debug|Any CPU.ActiveCfg = Debug|Any CPU
		{42F187B9-8402-4676-A4BB-38ACE04450A1}.Debug|Any CPU.Build.0 = Debug|Any CPU
		{42F187B9-8402-4676-A4BB-38ACE04450A1}.Release|Any CPU.ActiveCfg = Release|Any CPU
		{42F187B9-8402-4676-A4BB-38ACE04450A1}.Release|Any CPU.Build.0 = Release|Any CPU
	EndGlobalSection
	GlobalSection(SolutionProperties) = preSolution
		HideSolutionNode = FALSE
	EndGlobalSection
	GlobalSection(ExtensibilityGlobals) = postSolution
		SolutionGuid = {09B8B941-B236-4381-A506-4398D386B48A}
	EndGlobalSection
EndGlobal
